
Microsoft Visual Studio Solution File, Format Version 12.00
# Visual Studio Version 17
VisualStudioVersion = 17.12.35527.113
MinimumVisualStudioVersion = 10.0.40219.1
Project("{FAE04EC0-301F-11D3-BF4B-00C04F79EFBC}") = "TextTabulator", "src\TextTabulator\TextTabulator.csproj", "{C1E9002F-EE4F-4EC9-B3FB-7E0A2552A213}"
EndProject
Project("{2150E333-8FDC-42A3-9474-1A3956D46DE8}") = "src", "src", "{90E4208A-847D-4A2D-A1FB-3DF6EE99F67F}"
EndProject
Project("{2150E333-8FDC-42A3-9474-1A3956D46DE8}") = "tests", "tests", "{9FA13641-51A9-4429-9AFB-2D5F5F3C32C7}"
EndProject
Project("{FAE04EC0-301F-11D3-BF4B-00C04F79EFBC}") = "Runner", "src\Runner\Runner.csproj", "{E662E067-12B4-4183-9469-72958FE5FBA2}"
EndProject
Project("{FAE04EC0-301F-11D3-BF4B-00C04F79EFBC}") = "TextTabulatorTests", "tests\TextTabulatorTests\TextTabulatorTests.csproj", "{33A0D0EE-DC32-4761-A354-4F68621E22E4}"
EndProject
Project("{FAE04EC0-301F-11D3-BF4B-00C04F79EFBC}") = "TextTabulator.Adapters", "src\TextTabulator.Adapters\TextTabulator.Adapters.csproj", "{C617F0DC-F675-40B6-ADCC-DFFB72749FF7}"
EndProject
Project("{FAE04EC0-301F-11D3-BF4B-00C04F79EFBC}") = "TextTabulator.Adapters.CsvHelper", "src\TextTabulator.Adapters.CsvHelper\TextTabulator.Adapters.CsvHelper.csproj", "{F9614542-3E8D-4FA4-8150-773832AC476C}"
EndProject
Project("{FAE04EC0-301F-11D3-BF4B-00C04F79EFBC}") = "TextTabulator.Adapters.CsvHelperTests", "tests\TextTabulator.Adapters.CsvHelperTests\TextTabulator.Adapters.CsvHelperTests.csproj", "{6A4B28FE-D2C8-4A8A-9C72-903AB86D6928}"
EndProject
Project("{FAE04EC0-301F-11D3-BF4B-00C04F79EFBC}") = "TextTabulator.Adapters.Reflection", "src\TextTabulator.Adapters.Reflection\TextTabulator.Adapters.Reflection.csproj", "{353218CF-DD88-4B07-9810-06F9B34807F8}"
EndProject
Project("{FAE04EC0-301F-11D3-BF4B-00C04F79EFBC}") = "TextTabulator.Adapters.ReflectionTests", "tests\TextTabulator.Adapters.ReflectionTests\TextTabulator.Adapters.ReflectionTests.csproj", "{473CC828-187A-4CC4-8973-7D274B870868}"
EndProject
Project("{FAE04EC0-301F-11D3-BF4B-00C04F79EFBC}") = "TextTabulator.Adapters.SystemTextJson", "src\TextTabulator.Adapters.SystemTextJson\TextTabulator.Adapters.SystemTextJson.csproj", "{83588136-483B-45A0-BEB2-9D9A9547515A}"
EndProject
Project("{FAE04EC0-301F-11D3-BF4B-00C04F79EFBC}") = "TextTabulator.Adapters.SystemTextJsonTests", "tests\TextTabulator.Adapters.SystemTextJsonTests\TextTabulator.Adapters.SystemTextJsonTests.csproj", "{FEC772EF-7E33-416F-B722-282B1FCA51F8}"
EndProject
Global
	GlobalSection(SolutionConfigurationPlatforms) = preSolution
		Debug|Any CPU = Debug|Any CPU
		Debug|x64 = Debug|x64
		Debug|x86 = Debug|x86
		Release|Any CPU = Release|Any CPU
		Release|x64 = Release|x64
		Release|x86 = Release|x86
	EndGlobalSection
	GlobalSection(ProjectConfigurationPlatforms) = postSolution
		{C1E9002F-EE4F-4EC9-B3FB-7E0A2552A213}.Debug|Any CPU.ActiveCfg = Debug|Any CPU
		{C1E9002F-EE4F-4EC9-B3FB-7E0A2552A213}.Debug|Any CPU.Build.0 = Debug|Any CPU
		{C1E9002F-EE4F-4EC9-B3FB-7E0A2552A213}.Debug|x64.ActiveCfg = Debug|Any CPU
		{C1E9002F-EE4F-4EC9-B3FB-7E0A2552A213}.Debug|x64.Build.0 = Debug|Any CPU
		{C1E9002F-EE4F-4EC9-B3FB-7E0A2552A213}.Debug|x86.ActiveCfg = Debug|Any CPU
		{C1E9002F-EE4F-4EC9-B3FB-7E0A2552A213}.Debug|x86.Build.0 = Debug|Any CPU
		{C1E9002F-EE4F-4EC9-B3FB-7E0A2552A213}.Release|Any CPU.ActiveCfg = Release|Any CPU
		{C1E9002F-EE4F-4EC9-B3FB-7E0A2552A213}.Release|Any CPU.Build.0 = Release|Any CPU
		{C1E9002F-EE4F-4EC9-B3FB-7E0A2552A213}.Release|x64.ActiveCfg = Release|Any CPU
		{C1E9002F-EE4F-4EC9-B3FB-7E0A2552A213}.Release|x64.Build.0 = Release|Any CPU
		{C1E9002F-EE4F-4EC9-B3FB-7E0A2552A213}.Release|x86.ActiveCfg = Release|Any CPU
		{C1E9002F-EE4F-4EC9-B3FB-7E0A2552A213}.Release|x86.Build.0 = Release|Any CPU
		{E662E067-12B4-4183-9469-72958FE5FBA2}.Debug|Any CPU.ActiveCfg = Debug|Any CPU
		{E662E067-12B4-4183-9469-72958FE5FBA2}.Debug|Any CPU.Build.0 = Debug|Any CPU
		{E662E067-12B4-4183-9469-72958FE5FBA2}.Debug|x64.ActiveCfg = Debug|Any CPU
		{E662E067-12B4-4183-9469-72958FE5FBA2}.Debug|x64.Build.0 = Debug|Any CPU
		{E662E067-12B4-4183-9469-72958FE5FBA2}.Debug|x86.ActiveCfg = Debug|Any CPU
		{E662E067-12B4-4183-9469-72958FE5FBA2}.Debug|x86.Build.0 = Debug|Any CPU
		{E662E067-12B4-4183-9469-72958FE5FBA2}.Release|Any CPU.ActiveCfg = Release|Any CPU
		{E662E067-12B4-4183-9469-72958FE5FBA2}.Release|Any CPU.Build.0 = Release|Any CPU
		{E662E067-12B4-4183-9469-72958FE5FBA2}.Release|x64.ActiveCfg = Release|Any CPU
		{E662E067-12B4-4183-9469-72958FE5FBA2}.Release|x64.Build.0 = Release|Any CPU
		{E662E067-12B4-4183-9469-72958FE5FBA2}.Release|x86.ActiveCfg = Release|Any CPU
		{E662E067-12B4-4183-9469-72958FE5FBA2}.Release|x86.Build.0 = Release|Any CPU
		{33A0D0EE-DC32-4761-A354-4F68621E22E4}.Debug|Any CPU.ActiveCfg = Debug|Any CPU
		{33A0D0EE-DC32-4761-A354-4F68621E22E4}.Debug|Any CPU.Build.0 = Debug|Any CPU
		{33A0D0EE-DC32-4761-A354-4F68621E22E4}.Debug|x64.ActiveCfg = Debug|Any CPU
		{33A0D0EE-DC32-4761-A354-4F68621E22E4}.Debug|x64.Build.0 = Debug|Any CPU
		{33A0D0EE-DC32-4761-A354-4F68621E22E4}.Debug|x86.ActiveCfg = Debug|Any CPU
		{33A0D0EE-DC32-4761-A354-4F68621E22E4}.Debug|x86.Build.0 = Debug|Any CPU
		{33A0D0EE-DC32-4761-A354-4F68621E22E4}.Release|Any CPU.ActiveCfg = Release|Any CPU
		{33A0D0EE-DC32-4761-A354-4F68621E22E4}.Release|Any CPU.Build.0 = Release|Any CPU
		{33A0D0EE-DC32-4761-A354-4F68621E22E4}.Release|x64.ActiveCfg = Release|Any CPU
		{33A0D0EE-DC32-4761-A354-4F68621E22E4}.Release|x64.Build.0 = Release|Any CPU
		{33A0D0EE-DC32-4761-A354-4F68621E22E4}.Release|x86.ActiveCfg = Release|Any CPU
		{33A0D0EE-DC32-4761-A354-4F68621E22E4}.Release|x86.Build.0 = Release|Any CPU
		{C617F0DC-F675-40B6-ADCC-DFFB72749FF7}.Debug|Any CPU.ActiveCfg = Debug|Any CPU
		{C617F0DC-F675-40B6-ADCC-DFFB72749FF7}.Debug|Any CPU.Build.0 = Debug|Any CPU
		{C617F0DC-F675-40B6-ADCC-DFFB72749FF7}.Debug|x64.ActiveCfg = Debug|Any CPU
		{C617F0DC-F675-40B6-ADCC-DFFB72749FF7}.Debug|x64.Build.0 = Debug|Any CPU
		{C617F0DC-F675-40B6-ADCC-DFFB72749FF7}.Debug|x86.ActiveCfg = Debug|Any CPU
		{C617F0DC-F675-40B6-ADCC-DFFB72749FF7}.Debug|x86.Build.0 = Debug|Any CPU
		{C617F0DC-F675-40B6-ADCC-DFFB72749FF7}.Release|Any CPU.ActiveCfg = Release|Any CPU
		{C617F0DC-F675-40B6-ADCC-DFFB72749FF7}.Release|Any CPU.Build.0 = Release|Any CPU
		{C617F0DC-F675-40B6-ADCC-DFFB72749FF7}.Release|x64.ActiveCfg = Release|Any CPU
		{C617F0DC-F675-40B6-ADCC-DFFB72749FF7}.Release|x64.Build.0 = Release|Any CPU
		{C617F0DC-F675-40B6-ADCC-DFFB72749FF7}.Release|x86.ActiveCfg = Release|Any CPU
		{C617F0DC-F675-40B6-ADCC-DFFB72749FF7}.Release|x86.Build.0 = Release|Any CPU
		{F9614542-3E8D-4FA4-8150-773832AC476C}.Debug|Any CPU.ActiveCfg = Debug|Any CPU
		{F9614542-3E8D-4FA4-8150-773832AC476C}.Debug|Any CPU.Build.0 = Debug|Any CPU
		{F9614542-3E8D-4FA4-8150-773832AC476C}.Debug|x64.ActiveCfg = Debug|Any CPU
		{F9614542-3E8D-4FA4-8150-773832AC476C}.Debug|x64.Build.0 = Debug|Any CPU
		{F9614542-3E8D-4FA4-8150-773832AC476C}.Debug|x86.ActiveCfg = Debug|Any CPU
		{F9614542-3E8D-4FA4-8150-773832AC476C}.Debug|x86.Build.0 = Debug|Any CPU
		{F9614542-3E8D-4FA4-8150-773832AC476C}.Release|Any CPU.ActiveCfg = Release|Any CPU
		{F9614542-3E8D-4FA4-8150-773832AC476C}.Release|Any CPU.Build.0 = Release|Any CPU
		{F9614542-3E8D-4FA4-8150-773832AC476C}.Release|x64.ActiveCfg = Release|Any CPU
		{F9614542-3E8D-4FA4-8150-773832AC476C}.Release|x64.Build.0 = Release|Any CPU
		{F9614542-3E8D-4FA4-8150-773832AC476C}.Release|x86.ActiveCfg = Release|Any CPU
		{F9614542-3E8D-4FA4-8150-773832AC476C}.Release|x86.Build.0 = Release|Any CPU
		{6A4B28FE-D2C8-4A8A-9C72-903AB86D6928}.Debug|Any CPU.ActiveCfg = Debug|Any CPU
		{6A4B28FE-D2C8-4A8A-9C72-903AB86D6928}.Debug|Any CPU.Build.0 = Debug|Any CPU
		{6A4B28FE-D2C8-4A8A-9C72-903AB86D6928}.Debug|x64.ActiveCfg = Debug|Any CPU
		{6A4B28FE-D2C8-4A8A-9C72-903AB86D6928}.Debug|x64.Build.0 = Debug|Any CPU
		{6A4B28FE-D2C8-4A8A-9C72-903AB86D6928}.Debug|x86.ActiveCfg = Debug|Any CPU
		{6A4B28FE-D2C8-4A8A-9C72-903AB86D6928}.Debug|x86.Build.0 = Debug|Any CPU
		{6A4B28FE-D2C8-4A8A-9C72-903AB86D6928}.Release|Any CPU.ActiveCfg = Release|Any CPU
		{6A4B28FE-D2C8-4A8A-9C72-903AB86D6928}.Release|Any CPU.Build.0 = Release|Any CPU
		{6A4B28FE-D2C8-4A8A-9C72-903AB86D6928}.Release|x64.ActiveCfg = Release|Any CPU
		{6A4B28FE-D2C8-4A8A-9C72-903AB86D6928}.Release|x64.Build.0 = Release|Any CPU
		{6A4B28FE-D2C8-4A8A-9C72-903AB86D6928}.Release|x86.ActiveCfg = Release|Any CPU
		{6A4B28FE-D2C8-4A8A-9C72-903AB86D6928}.Release|x86.Build.0 = Release|Any CPU
		{353218CF-DD88-4B07-9810-06F9B34807F8}.Debug|Any CPU.ActiveCfg = Debug|Any CPU
		{353218CF-DD88-4B07-9810-06F9B34807F8}.Debug|Any CPU.Build.0 = Debug|Any CPU
		{353218CF-DD88-4B07-9810-06F9B34807F8}.Debug|x64.ActiveCfg = Debug|Any CPU
		{353218CF-DD88-4B07-9810-06F9B34807F8}.Debug|x64.Build.0 = Debug|Any CPU
		{353218CF-DD88-4B07-9810-06F9B34807F8}.Debug|x86.ActiveCfg = Debug|Any CPU
		{353218CF-DD88-4B07-9810-06F9B34807F8}.Debug|x86.Build.0 = Debug|Any CPU
		{353218CF-DD88-4B07-9810-06F9B34807F8}.Release|Any CPU.ActiveCfg = Release|Any CPU
		{353218CF-DD88-4B07-9810-06F9B34807F8}.Release|Any CPU.Build.0 = Release|Any CPU
		{353218CF-DD88-4B07-9810-06F9B34807F8}.Release|x64.ActiveCfg = Release|Any CPU
		{353218CF-DD88-4B07-9810-06F9B34807F8}.Release|x64.Build.0 = Release|Any CPU
		{353218CF-DD88-4B07-9810-06F9B34807F8}.Release|x86.ActiveCfg = Release|Any CPU
		{353218CF-DD88-4B07-9810-06F9B34807F8}.Release|x86.Build.0 = Release|Any CPU
		{473CC828-187A-4CC4-8973-7D274B870868}.Debug|Any CPU.ActiveCfg = Debug|Any CPU
		{473CC828-187A-4CC4-8973-7D274B870868}.Debug|Any CPU.Build.0 = Debug|Any CPU
		{473CC828-187A-4CC4-8973-7D274B870868}.Debug|x64.ActiveCfg = Debug|Any CPU
		{473CC828-187A-4CC4-8973-7D274B870868}.Debug|x64.Build.0 = Debug|Any CPU
		{473CC828-187A-4CC4-8973-7D274B870868}.Debug|x86.ActiveCfg = Debug|Any CPU
		{473CC828-187A-4CC4-8973-7D274B870868}.Debug|x86.Build.0 = Debug|Any CPU
		{473CC828-187A-4CC4-8973-7D274B870868}.Release|Any CPU.ActiveCfg = Release|Any CPU
		{473CC828-187A-4CC4-8973-7D274B870868}.Release|Any CPU.Build.0 = Release|Any CPU
		{473CC828-187A-4CC4-8973-7D274B870868}.Release|x64.ActiveCfg = Release|Any CPU
		{473CC828-187A-4CC4-8973-7D274B870868}.Release|x64.Build.0 = Release|Any CPU
		{473CC828-187A-4CC4-8973-7D274B870868}.Release|x86.ActiveCfg = Release|Any CPU
		{473CC828-187A-4CC4-8973-7D274B870868}.Release|x86.Build.0 = Release|Any CPU
		{83588136-483B-45A0-BEB2-9D9A9547515A}.Debug|Any CPU.ActiveCfg = Debug|Any CPU
		{83588136-483B-45A0-BEB2-9D9A9547515A}.Debug|Any CPU.Build.0 = Debug|Any CPU
		{83588136-483B-45A0-BEB2-9D9A9547515A}.Debug|x64.ActiveCfg = Debug|Any CPU
		{83588136-483B-45A0-BEB2-9D9A9547515A}.Debug|x64.Build.0 = Debug|Any CPU
		{83588136-483B-45A0-BEB2-9D9A9547515A}.Debug|x86.ActiveCfg = Debug|Any CPU
		{83588136-483B-45A0-BEB2-9D9A9547515A}.Debug|x86.Build.0 = Debug|Any CPU
		{83588136-483B-45A0-BEB2-9D9A9547515A}.Release|Any CPU.ActiveCfg = Release|Any CPU
		{83588136-483B-45A0-BEB2-9D9A9547515A}.Release|Any CPU.Build.0 = Release|Any CPU
		{83588136-483B-45A0-BEB2-9D9A9547515A}.Release|x64.ActiveCfg = Release|Any CPU
		{83588136-483B-45A0-BEB2-9D9A9547515A}.Release|x64.Build.0 = Release|Any CPU
		{83588136-483B-45A0-BEB2-9D9A9547515A}.Release|x86.ActiveCfg = Release|Any CPU
		{83588136-483B-45A0-BEB2-9D9A9547515A}.Release|x86.Build.0 = Release|Any CPU
		{FEC772EF-7E33-416F-B722-282B1FCA51F8}.Debug|Any CPU.ActiveCfg = Debug|Any CPU
		{FEC772EF-7E33-416F-B722-282B1FCA51F8}.Debug|Any CPU.Build.0 = Debug|Any CPU
		{FEC772EF-7E33-416F-B722-282B1FCA51F8}.Debug|x64.ActiveCfg = Debug|Any CPU
		{FEC772EF-7E33-416F-B722-282B1FCA51F8}.Debug|x64.Build.0 = Debug|Any CPU
		{FEC772EF-7E33-416F-B722-282B1FCA51F8}.Debug|x86.ActiveCfg = Debug|Any CPU
		{FEC772EF-7E33-416F-B722-282B1FCA51F8}.Debug|x86.Build.0 = Debug|Any CPU
		{FEC772EF-7E33-416F-B722-282B1FCA51F8}.Release|Any CPU.ActiveCfg = Release|Any CPU
		{FEC772EF-7E33-416F-B722-282B1FCA51F8}.Release|Any CPU.Build.0 = Release|Any CPU
		{FEC772EF-7E33-416F-B722-282B1FCA51F8}.Release|x64.ActiveCfg = Release|Any CPU
		{FEC772EF-7E33-416F-B722-282B1FCA51F8}.Release|x64.Build.0 = Release|Any CPU
		{FEC772EF-7E33-416F-B722-282B1FCA51F8}.Release|x86.ActiveCfg = Release|Any CPU
		{FEC772EF-7E33-416F-B722-282B1FCA51F8}.Release|x86.Build.0 = Release|Any CPU
	EndGlobalSection
	GlobalSection(SolutionProperties) = preSolution
		HideSolutionNode = FALSE
	EndGlobalSection
	GlobalSection(NestedProjects) = preSolution
		{C1E9002F-EE4F-4EC9-B3FB-7E0A2552A213} = {90E4208A-847D-4A2D-A1FB-3DF6EE99F67F}
		{E662E067-12B4-4183-9469-72958FE5FBA2} = {90E4208A-847D-4A2D-A1FB-3DF6EE99F67F}
		{33A0D0EE-DC32-4761-A354-4F68621E22E4} = {9FA13641-51A9-4429-9AFB-2D5F5F3C32C7}
		{C617F0DC-F675-40B6-ADCC-DFFB72749FF7} = {90E4208A-847D-4A2D-A1FB-3DF6EE99F67F}
		{F9614542-3E8D-4FA4-8150-773832AC476C} = {90E4208A-847D-4A2D-A1FB-3DF6EE99F67F}
		{6A4B28FE-D2C8-4A8A-9C72-903AB86D6928} = {9FA13641-51A9-4429-9AFB-2D5F5F3C32C7}
		{353218CF-DD88-4B07-9810-06F9B34807F8} = {90E4208A-847D-4A2D-A1FB-3DF6EE99F67F}
		{473CC828-187A-4CC4-8973-7D274B870868} = {9FA13641-51A9-4429-9AFB-2D5F5F3C32C7}
		{83588136-483B-45A0-BEB2-9D9A9547515A} = {90E4208A-847D-4A2D-A1FB-3DF6EE99F67F}
		{FEC772EF-7E33-416F-B722-282B1FCA51F8} = {9FA13641-51A9-4429-9AFB-2D5F5F3C32C7}
	EndGlobalSection
EndGlobal
